
Microsoft Visual Studio Solution File, Format Version 12.00
# Visual Studio Version 17
VisualStudioVersion = 17.1.32414.318
MinimumVisualStudioVersion = 10.0.40219.1
Project("{FAE04EC0-301F-11D3-BF4B-00C04F79EFBC}") = "ContainerPaymentAPI", "ContainerPaymentAPI\ContainerPaymentAPI.csproj", "{A4679963-4DEA-4EED-A71F-E2C4028268BF}"
EndProject
Global
	GlobalSection(SolutionConfigurationPlatforms) = preSolution
		Debug|Any CPU = Debug|Any CPU
		Release|Any CPU = Release|Any CPU
	EndGlobalSection
	GlobalSection(ProjectConfigurationPlatforms) = postSolution
		{A4679963-4DEA-4EED-A71F-E2C4028268BF}.Debug|Any CPU.ActiveCfg = Debug|Any CPU
		{A4679963-4DEA-4EED-A71F-E2C4028268BF}.Debug|Any CPU.Build.0 = Debug|Any CPU
		{A4679963-4DEA-4EED-A71F-E2C4028268BF}.Release|Any CPU.ActiveCfg = Release|Any CPU
		{A4679963-4DEA-4EED-A71F-E2C4028268BF}.Release|Any CPU.Build.0 = Release|Any CPU
	EndGlobalSection
	GlobalSection(SolutionProperties) = preSolution
		HideSolutionNode = FALSE
	EndGlobalSection
	GlobalSection(ExtensibilityGlobals) = postSolution
		SolutionGuid = {2351B361-2FF5-4F54-A9C3-0A2C523A5F30}
	EndGlobalSection
EndGlobal
